// !$*UTF8*$!
{
	archiveVersion = 1;
	classes = {
	};
	objectVersion = 52;
	objects = {

/* Begin PBXBuildFile section */
		FA09ACFC2612498F00939EC0 /* FirebaseFirestore in Frameworks */ = {isa = PBXBuildFile; productRef = FA09ACFB2612498F00939EC0 /* FirebaseFirestore */; };
		FA09ACFE2612498F00939EC0 /* FirebaseDatabase in Frameworks */ = {isa = PBXBuildFile; productRef = FA09ACFD2612498F00939EC0 /* FirebaseDatabase */; };
		FA09AD002612498F00939EC0 /* FirebaseFirestoreSwift-Beta in Frameworks */ = {isa = PBXBuildFile; productRef = FA09ACFF2612498F00939EC0 /* FirebaseFirestoreSwift-Beta */; };
		FA09AD022612498F00939EC0 /* FirebaseStorage in Frameworks */ = {isa = PBXBuildFile; productRef = FA09AD012612498F00939EC0 /* FirebaseStorage */; };
		FA09AD042612498F00939EC0 /* FirebaseFunctions in Frameworks */ = {isa = PBXBuildFile; productRef = FA09AD032612498F00939EC0 /* FirebaseFunctions */; };
		FA09AD062612498F00939EC0 /* FirebaseMessaging in Frameworks */ = {isa = PBXBuildFile; productRef = FA09AD052612498F00939EC0 /* FirebaseMessaging */; };
		FA09AD082612498F00939EC0 /* FirebaseAuth in Frameworks */ = {isa = PBXBuildFile; productRef = FA09AD072612498F00939EC0 /* FirebaseAuth */; };
		FA300000261E24B5003294D9 /* ProfileData.swift in Sources */ = {isa = PBXBuildFile; fileRef = FA30FFFF261E24B5003294D9 /* ProfileData.swift */; };
		FA300001261E24B5003294D9 /* ProfileData.swift in Sources */ = {isa = PBXBuildFile; fileRef = FA30FFFF261E24B5003294D9 /* ProfileData.swift */; };
		FA30FFFB261E2490003294D9 /* PayoutsView.swift in Sources */ = {isa = PBXBuildFile; fileRef = FA30FFFA261E2490003294D9 /* PayoutsView.swift */; };
		FA30FFFC261E2490003294D9 /* PayoutsView.swift in Sources */ = {isa = PBXBuildFile; fileRef = FA30FFFA261E2490003294D9 /* PayoutsView.swift */; };
		FA5536B22613543400446948 /* RegistrationView.swift in Sources */ = {isa = PBXBuildFile; fileRef = FA5536B12613543400446948 /* RegistrationView.swift */; };
		FA5536B32613543400446948 /* RegistrationView.swift in Sources */ = {isa = PBXBuildFile; fileRef = FA5536B12613543400446948 /* RegistrationView.swift */; };
		FA5536B72613546C00446948 /* LoginView.swift in Sources */ = {isa = PBXBuildFile; fileRef = FA5536B62613546C00446948 /* LoginView.swift */; };
		FA5536B82613546C00446948 /* LoginView.swift in Sources */ = {isa = PBXBuildFile; fileRef = FA5536B62613546C00446948 /* LoginView.swift */; };
		FA5536BC261354AF00446948 /* ProfileHeaderView.swift in Sources */ = {isa = PBXBuildFile; fileRef = FA5536BB261354AF00446948 /* ProfileHeaderView.swift */; };
		FA5536BD261354AF00446948 /* ProfileHeaderView.swift in Sources */ = {isa = PBXBuildFile; fileRef = FA5536BB261354AF00446948 /* ProfileHeaderView.swift */; };
		FA5536C1261388D600446948 /* CointsView.swift in Sources */ = {isa = PBXBuildFile; fileRef = FA5536C0261388D600446948 /* CointsView.swift */; };
		FA5536C2261388D600446948 /* CointsView.swift in Sources */ = {isa = PBXBuildFile; fileRef = FA5536C0261388D600446948 /* CointsView.swift */; };
		FAA656BC2614EACE00541ACF /* TabMainView.swift in Sources */ = {isa = PBXBuildFile; fileRef = FAA656BB2614EACE00541ACF /* TabMainView.swift */; };
		FAA656BD2614EACE00541ACF /* TabMainView.swift in Sources */ = {isa = PBXBuildFile; fileRef = FAA656BB2614EACE00541ACF /* TabMainView.swift */; };
		FAA656C42614EC3900541ACF /* WorkersView.swift in Sources */ = {isa = PBXBuildFile; fileRef = FAA656C32614EC3900541ACF /* WorkersView.swift */; };
		FAA656C52614EC3900541ACF /* WorkersView.swift in Sources */ = {isa = PBXBuildFile; fileRef = FAA656C32614EC3900541ACF /* WorkersView.swift */; };
		FAA656D02614ECF400541ACF /* SettingsView.swift in Sources */ = {isa = PBXBuildFile; fileRef = FAA656CF2614ECF400541ACF /* SettingsView.swift */; };
		FAA656D12614ECF400541ACF /* SettingsView.swift in Sources */ = {isa = PBXBuildFile; fileRef = FAA656CF2614ECF400541ACF /* SettingsView.swift */; };
		FAAD5C94261C8F9500388E9B /* TestVIew.swift in Sources */ = {isa = PBXBuildFile; fileRef = FAAD5C93261C8F9500388E9B /* TestVIew.swift */; };
		FAAD5C95261C8F9500388E9B /* TestVIew.swift in Sources */ = {isa = PBXBuildFile; fileRef = FAAD5C93261C8F9500388E9B /* TestVIew.swift */; };
		FAC96227261EEA6C005060C0 /* ProfilesView.swift in Sources */ = {isa = PBXBuildFile; fileRef = FAC96226261EEA6C005060C0 /* ProfilesView.swift */; };
		FAC96228261EEA6C005060C0 /* ProfilesView.swift in Sources */ = {isa = PBXBuildFile; fileRef = FAC96226261EEA6C005060C0 /* ProfilesView.swift */; };
		FAC9622E261F25A2005060C0 /* WorkersData.swift in Sources */ = {isa = PBXBuildFile; fileRef = FAC9622D261F25A2005060C0 /* WorkersData.swift */; };
		FAC9622F261F25A2005060C0 /* WorkersData.swift in Sources */ = {isa = PBXBuildFile; fileRef = FAC9622D261F25A2005060C0 /* WorkersData.swift */; };
		FAFA79A9260F93300032F2D1 /* EMCD_ioApp.swift in Sources */ = {isa = PBXBuildFile; fileRef = FAFA7996260F932E0032F2D1 /* EMCD_ioApp.swift */; };
		FAFA79AA260F93300032F2D1 /* EMCD_ioApp.swift in Sources */ = {isa = PBXBuildFile; fileRef = FAFA7996260F932E0032F2D1 /* EMCD_ioApp.swift */; };
		FAFA79AB260F93300032F2D1 /* ContentView.swift in Sources */ = {isa = PBXBuildFile; fileRef = FAFA7997260F932E0032F2D1 /* ContentView.swift */; };
		FAFA79AC260F93300032F2D1 /* ContentView.swift in Sources */ = {isa = PBXBuildFile; fileRef = FAFA7997260F932E0032F2D1 /* ContentView.swift */; };
		FAFA79AD260F93300032F2D1 /* Assets.xcassets in Resources */ = {isa = PBXBuildFile; fileRef = FAFA7998260F93300032F2D1 /* Assets.xcassets */; };
		FAFA79AE260F93300032F2D1 /* Assets.xcassets in Resources */ = {isa = PBXBuildFile; fileRef = FAFA7998260F93300032F2D1 /* Assets.xcassets */; };
		FAFA79BE260F96820032F2D1 /* MainView.swift in Sources */ = {isa = PBXBuildFile; fileRef = FAFA79BD260F96820032F2D1 /* MainView.swift */; };
		FAFA79BF260F96820032F2D1 /* MainView.swift in Sources */ = {isa = PBXBuildFile; fileRef = FAFA79BD260F96820032F2D1 /* MainView.swift */; };
/* End PBXBuildFile section */

/* Begin PBXFileReference section */
		FA30FFFA261E2490003294D9 /* PayoutsView.swift */ = {isa = PBXFileReference; lastKnownFileType = sourcecode.swift; path = PayoutsView.swift; sourceTree = "<group>"; };
		FA30FFFF261E24B5003294D9 /* ProfileData.swift */ = {isa = PBXFileReference; lastKnownFileType = sourcecode.swift; path = ProfileData.swift; sourceTree = "<group>"; };
		FA5536B12613543400446948 /* RegistrationView.swift */ = {isa = PBXFileReference; lastKnownFileType = sourcecode.swift; path = RegistrationView.swift; sourceTree = "<group>"; };
		FA5536B62613546C00446948 /* LoginView.swift */ = {isa = PBXFileReference; lastKnownFileType = sourcecode.swift; path = LoginView.swift; sourceTree = "<group>"; };
		FA5536BB261354AF00446948 /* ProfileHeaderView.swift */ = {isa = PBXFileReference; lastKnownFileType = sourcecode.swift; path = ProfileHeaderView.swift; sourceTree = "<group>"; };
		FA5536C0261388D600446948 /* CointsView.swift */ = {isa = PBXFileReference; lastKnownFileType = sourcecode.swift; path = CointsView.swift; sourceTree = "<group>"; };
		FAA656BB2614EACE00541ACF /* TabMainView.swift */ = {isa = PBXFileReference; lastKnownFileType = sourcecode.swift; path = TabMainView.swift; sourceTree = "<group>"; };
		FAA656C32614EC3900541ACF /* WorkersView.swift */ = {isa = PBXFileReference; lastKnownFileType = sourcecode.swift; path = WorkersView.swift; sourceTree = "<group>"; };
		FAA656CF2614ECF400541ACF /* SettingsView.swift */ = {isa = PBXFileReference; lastKnownFileType = sourcecode.swift; path = SettingsView.swift; sourceTree = "<group>"; };
		FAAD5C93261C8F9500388E9B /* TestVIew.swift */ = {isa = PBXFileReference; lastKnownFileType = sourcecode.swift; path = TestVIew.swift; sourceTree = "<group>"; };
		FAC96226261EEA6C005060C0 /* ProfilesView.swift */ = {isa = PBXFileReference; lastKnownFileType = sourcecode.swift; path = ProfilesView.swift; sourceTree = "<group>"; };
		FAC9622D261F25A2005060C0 /* WorkersData.swift */ = {isa = PBXFileReference; lastKnownFileType = sourcecode.swift; path = WorkersData.swift; sourceTree = "<group>"; };
		FAFA7996260F932E0032F2D1 /* EMCD_ioApp.swift */ = {isa = PBXFileReference; lastKnownFileType = sourcecode.swift; path = EMCD_ioApp.swift; sourceTree = "<group>"; };
		FAFA7997260F932E0032F2D1 /* ContentView.swift */ = {isa = PBXFileReference; lastKnownFileType = sourcecode.swift; path = ContentView.swift; sourceTree = "<group>"; };
		FAFA7998260F93300032F2D1 /* Assets.xcassets */ = {isa = PBXFileReference; lastKnownFileType = folder.assetcatalog; path = Assets.xcassets; sourceTree = "<group>"; };
		FAFA799D260F93300032F2D1 /* EMCD.io.app */ = {isa = PBXFileReference; explicitFileType = wrapper.application; includeInIndex = 0; path = EMCD.io.app; sourceTree = BUILT_PRODUCTS_DIR; };
		FAFA79A0260F93300032F2D1 /* Info.plist */ = {isa = PBXFileReference; lastKnownFileType = text.plist.xml; path = Info.plist; sourceTree = "<group>"; };
		FAFA79A5260F93300032F2D1 /* EMCD.io.app */ = {isa = PBXFileReference; explicitFileType = wrapper.application; includeInIndex = 0; path = EMCD.io.app; sourceTree = BUILT_PRODUCTS_DIR; };
		FAFA79A7260F93300032F2D1 /* Info.plist */ = {isa = PBXFileReference; lastKnownFileType = text.plist.xml; path = Info.plist; sourceTree = "<group>"; };
		FAFA79A8260F93300032F2D1 /* macOS.entitlements */ = {isa = PBXFileReference; lastKnownFileType = text.plist.entitlements; path = macOS.entitlements; sourceTree = "<group>"; };
		FAFA79B9260F93660032F2D1 /* EMCD.io.entitlements */ = {isa = PBXFileReference; lastKnownFileType = text.plist.entitlements; path = EMCD.io.entitlements; sourceTree = "<group>"; };
		FAFA79BD260F96820032F2D1 /* MainView.swift */ = {isa = PBXFileReference; lastKnownFileType = sourcecode.swift; path = MainView.swift; sourceTree = "<group>"; };
/* End PBXFileReference section */

/* Begin PBXFrameworksBuildPhase section */
		FAFA799A260F93300032F2D1 /* Frameworks */ = {
			isa = PBXFrameworksBuildPhase;
			buildActionMask = 2147483647;
			files = (
				FA09AD062612498F00939EC0 /* FirebaseMessaging in Frameworks */,
				FA09AD002612498F00939EC0 /* FirebaseFirestoreSwift-Beta in Frameworks */,
				FA09AD022612498F00939EC0 /* FirebaseStorage in Frameworks */,
				FA09AD042612498F00939EC0 /* FirebaseFunctions in Frameworks */,
				FA09ACFE2612498F00939EC0 /* FirebaseDatabase in Frameworks */,
				FA09AD082612498F00939EC0 /* FirebaseAuth in Frameworks */,
				FA09ACFC2612498F00939EC0 /* FirebaseFirestore in Frameworks */,
			);
			runOnlyForDeploymentPostprocessing = 0;
		};
		FAFA79A2260F93300032F2D1 /* Frameworks */ = {
			isa = PBXFrameworksBuildPhase;
			buildActionMask = 2147483647;
			files = (
			);
			runOnlyForDeploymentPostprocessing = 0;
		};
/* End PBXFrameworksBuildPhase section */

/* Begin PBXGroup section */
		FA09ACF3261247A000939EC0 /* Model */ = {
			isa = PBXGroup;
			children = (
			);
			path = Model;
			sourceTree = "<group>";
		};
		FA09ACF4261247AF00939EC0 /* API */ = {
			isa = PBXGroup;
			children = (
				FA30FFFF261E24B5003294D9 /* ProfileData.swift */,
				FAC9622D261F25A2005060C0 /* WorkersData.swift */,
			);
			path = API;
			sourceTree = "<group>";
		};
		FA09ACF52612480D00939EC0 /* Authentication */ = {
			isa = PBXGroup;
			children = (
				FA5536B12613543400446948 /* RegistrationView.swift */,
				FA5536B62613546C00446948 /* LoginView.swift */,
			);
			path = Authentication;
			sourceTree = "<group>";
		};
		FA09ACF92612487300939EC0 /* Profile */ = {
			isa = PBXGroup;
			children = (
				FA5536BB261354AF00446948 /* ProfileHeaderView.swift */,
				FAC96226261EEA6C005060C0 /* ProfilesView.swift */,
			);
			path = Profile;
			sourceTree = "<group>";
		};
		FAA656C22614EC1D00541ACF /* Workers */ = {
			isa = PBXGroup;
			children = (
				FAA656C32614EC3900541ACF /* WorkersView.swift */,
			);
			path = Workers;
			sourceTree = "<group>";
		};
		FAA656C82614EC8D00541ACF /* Payouts */ = {
			isa = PBXGroup;
			children = (
				FA30FFFA261E2490003294D9 /* PayoutsView.swift */,
			);
			path = Payouts;
			sourceTree = "<group>";
		};
		FAA656CE2614ECE200541ACF /* Settings */ = {
			isa = PBXGroup;
			children = (
				FAA656CF2614ECF400541ACF /* SettingsView.swift */,
			);
			path = Settings;
			sourceTree = "<group>";
		};
		FAFA7990260F932E0032F2D1 = {
			isa = PBXGroup;
			children = (
				FAFA79B9260F93660032F2D1 /* EMCD.io.entitlements */,
				FAFA7995260F932E0032F2D1 /* Shared */,
				FAFA799F260F93300032F2D1 /* iOS */,
				FAFA79A6260F93300032F2D1 /* macOS */,
				FAFA799E260F93300032F2D1 /* Products */,
			);
			sourceTree = "<group>";
		};
		FAFA7995260F932E0032F2D1 /* Shared */ = {
			isa = PBXGroup;
			children = (
				FAFA79BA260F96430032F2D1 /* View */,
				FA09ACF4261247AF00939EC0 /* API */,
				FA09ACF3261247A000939EC0 /* Model */,
				FAFA7996260F932E0032F2D1 /* EMCD_ioApp.swift */,
				FAFA7997260F932E0032F2D1 /* ContentView.swift */,
				FAFA7998260F93300032F2D1 /* Assets.xcassets */,
			);
			path = Shared;
			sourceTree = "<group>";
		};
		FAFA799E260F93300032F2D1 /* Products */ = {
			isa = PBXGroup;
			children = (
				FAFA799D260F93300032F2D1 /* EMCD.io.app */,
				FAFA79A5260F93300032F2D1 /* EMCD.io.app */,
			);
			name = Products;
			sourceTree = "<group>";
		};
		FAFA799F260F93300032F2D1 /* iOS */ = {
			isa = PBXGroup;
			children = (
				FAFA79A0260F93300032F2D1 /* Info.plist */,
			);
			path = iOS;
			sourceTree = "<group>";
		};
		FAFA79A6260F93300032F2D1 /* macOS */ = {
			isa = PBXGroup;
			children = (
				FAFA79A7260F93300032F2D1 /* Info.plist */,
				FAFA79A8260F93300032F2D1 /* macOS.entitlements */,
			);
			path = macOS;
			sourceTree = "<group>";
		};
		FAFA79BA260F96430032F2D1 /* View */ = {
			isa = PBXGroup;
			children = (
				FAA656CE2614ECE200541ACF /* Settings */,
				FAA656C82614EC8D00541ACF /* Payouts */,
				FAA656C22614EC1D00541ACF /* Workers */,
				FA09ACF92612487300939EC0 /* Profile */,
				FA09ACF52612480D00939EC0 /* Authentication */,
				FAFA79C3261074F00032F2D1 /* Main */,
			);
			path = View;
			sourceTree = "<group>";
		};
		FAFA79C3261074F00032F2D1 /* Main */ = {
			isa = PBXGroup;
			children = (
				FAFA79BD260F96820032F2D1 /* MainView.swift */,
				FA5536C0261388D600446948 /* CointsView.swift */,
				FAA656BB2614EACE00541ACF /* TabMainView.swift */,
				FAAD5C93261C8F9500388E9B /* TestVIew.swift */,
			);
			path = Main;
			sourceTree = "<group>";
		};
/* End PBXGroup section */

/* Begin PBXNativeTarget section */
		FAFA799C260F93300032F2D1 /* EMCD.io (iOS) */ = {
			isa = PBXNativeTarget;
			buildConfigurationList = FAFA79B1260F93300032F2D1 /* Build configuration list for PBXNativeTarget "EMCD.io (iOS)" */;
			buildPhases = (
				FAFA7999260F93300032F2D1 /* Sources */,
				FAFA799A260F93300032F2D1 /* Frameworks */,
				FAFA799B260F93300032F2D1 /* Resources */,
			);
			buildRules = (
			);
			dependencies = (
			);
			name = "EMCD.io (iOS)";
			packageProductDependencies = (
				FA09ACFB2612498F00939EC0 /* FirebaseFirestore */,
				FA09ACFD2612498F00939EC0 /* FirebaseDatabase */,
				FA09ACFF2612498F00939EC0 /* FirebaseFirestoreSwift-Beta */,
				FA09AD012612498F00939EC0 /* FirebaseStorage */,
				FA09AD032612498F00939EC0 /* FirebaseFunctions */,
				FA09AD052612498F00939EC0 /* FirebaseMessaging */,
				FA09AD072612498F00939EC0 /* FirebaseAuth */,
			);
			productName = "EMCD.io (iOS)";
			productReference = FAFA799D260F93300032F2D1 /* EMCD.io.app */;
			productType = "com.apple.product-type.application";
		};
		FAFA79A4260F93300032F2D1 /* EMCD.io (macOS) */ = {
			isa = PBXNativeTarget;
			buildConfigurationList = FAFA79B4260F93300032F2D1 /* Build configuration list for PBXNativeTarget "EMCD.io (macOS)" */;
			buildPhases = (
				FAFA79A1260F93300032F2D1 /* Sources */,
				FAFA79A2260F93300032F2D1 /* Frameworks */,
				FAFA79A3260F93300032F2D1 /* Resources */,
			);
			buildRules = (
			);
			dependencies = (
			);
			name = "EMCD.io (macOS)";
			productName = "EMCD.io (macOS)";
			productReference = FAFA79A5260F93300032F2D1 /* EMCD.io.app */;
			productType = "com.apple.product-type.application";
		};
/* End PBXNativeTarget section */

/* Begin PBXProject section */
		FAFA7991260F932E0032F2D1 /* Project object */ = {
			isa = PBXProject;
			attributes = {
				LastSwiftUpdateCheck = 1240;
				LastUpgradeCheck = 1240;
				TargetAttributes = {
					FAFA799C260F93300032F2D1 = {
						CreatedOnToolsVersion = 12.4;
					};
					FAFA79A4260F93300032F2D1 = {
						CreatedOnToolsVersion = 12.4;
					};
				};
			};
			buildConfigurationList = FAFA7994260F932E0032F2D1 /* Build configuration list for PBXProject "EMCD.io" */;
			compatibilityVersion = "Xcode 9.3";
			developmentRegion = en;
			hasScannedForEncodings = 0;
			knownRegions = (
				en,
				Base,
			);
			mainGroup = FAFA7990260F932E0032F2D1;
			packageReferences = (
				FA09ACFA2612498F00939EC0 /* XCRemoteSwiftPackageReference "firebase-ios-sdk" */,
			);
			productRefGroup = FAFA799E260F93300032F2D1 /* Products */;
			projectDirPath = "";
			projectRoot = "";
			targets = (
				FAFA799C260F93300032F2D1 /* EMCD.io (iOS) */,
				FAFA79A4260F93300032F2D1 /* EMCD.io (macOS) */,
			);
		};
/* End PBXProject section */

/* Begin PBXResourcesBuildPhase section */
		FAFA799B260F93300032F2D1 /* Resources */ = {
			isa = PBXResourcesBuildPhase;
			buildActionMask = 2147483647;
			files = (
				FAFA79AD260F93300032F2D1 /* Assets.xcassets in Resources */,
			);
			runOnlyForDeploymentPostprocessing = 0;
		};
		FAFA79A3260F93300032F2D1 /* Resources */ = {
			isa = PBXResourcesBuildPhase;
			buildActionMask = 2147483647;
			files = (
				FAFA79AE260F93300032F2D1 /* Assets.xcassets in Resources */,
			);
			runOnlyForDeploymentPostprocessing = 0;
		};
/* End PBXResourcesBuildPhase section */

/* Begin PBXSourcesBuildPhase section */
		FAFA7999260F93300032F2D1 /* Sources */ = {
			isa = PBXSourcesBuildPhase;
			buildActionMask = 2147483647;
			files = (
				FAFA79AB260F93300032F2D1 /* ContentView.swift in Sources */,
				FAAD5C94261C8F9500388E9B /* TestVIew.swift in Sources */,
				FAA656C42614EC3900541ACF /* WorkersView.swift in Sources */,
				FAFA79BE260F96820032F2D1 /* MainView.swift in Sources */,
				FAC9622E261F25A2005060C0 /* WorkersData.swift in Sources */,
				FA30FFFB261E2490003294D9 /* PayoutsView.swift in Sources */,
				FAA656BC2614EACE00541ACF /* TabMainView.swift in Sources */,
				FAFA79A9260F93300032F2D1 /* EMCD_ioApp.swift in Sources */,
				FA5536C1261388D600446948 /* CointsView.swift in Sources */,
				FA5536B72613546C00446948 /* LoginView.swift in Sources */,
				FA5536BC261354AF00446948 /* ProfileHeaderView.swift in Sources */,
				FAC96227261EEA6C005060C0 /* ProfilesView.swift in Sources */,
				FA300000261E24B5003294D9 /* ProfileData.swift in Sources */,
				FA5536B22613543400446948 /* RegistrationView.swift in Sources */,
				FAA656D02614ECF400541ACF /* SettingsView.swift in Sources */,
			);
			runOnlyForDeploymentPostprocessing = 0;
		};
		FAFA79A1260F93300032F2D1 /* Sources */ = {
			isa = PBXSourcesBuildPhase;
			buildActionMask = 2147483647;
			files = (
				FAFA79AC260F93300032F2D1 /* ContentView.swift in Sources */,
				FAA656C52614EC3900541ACF /* WorkersView.swift in Sources */,
				FAFA79BF260F96820032F2D1 /* MainView.swift in Sources */,
				FAAD5C95261C8F9500388E9B /* TestVIew.swift in Sources */,
				FAC9622F261F25A2005060C0 /* WorkersData.swift in Sources */,
				FA30FFFC261E2490003294D9 /* PayoutsView.swift in Sources */,
				FAA656BD2614EACE00541ACF /* TabMainView.swift in Sources */,
				FAFA79AA260F93300032F2D1 /* EMCD_ioApp.swift in Sources */,
				FA5536C2261388D600446948 /* CointsView.swift in Sources */,
				FA5536B82613546C00446948 /* LoginView.swift in Sources */,
				FA5536BD261354AF00446948 /* ProfileHeaderView.swift in Sources */,
				FAC96228261EEA6C005060C0 /* ProfilesView.swift in Sources */,
				FA300001261E24B5003294D9 /* ProfileData.swift in Sources */,
				FA5536B32613543400446948 /* RegistrationView.swift in Sources */,
				FAA656D12614ECF400541ACF /* SettingsView.swift in Sources */,
			);
			runOnlyForDeploymentPostprocessing = 0;
		};
/* End PBXSourcesBuildPhase section */

/* Begin XCBuildConfiguration section */
		FAFA79AF260F93300032F2D1 /* Debug */ = {
			isa = XCBuildConfiguration;
			buildSettings = {
				ALWAYS_SEARCH_USER_PATHS = NO;
				CLANG_ANALYZER_NONNULL = YES;
				CLANG_ANALYZER_NUMBER_OBJECT_CONVERSION = YES_AGGRESSIVE;
				CLANG_CXX_LANGUAGE_STANDARD = "gnu++14";
				CLANG_CXX_LIBRARY = "libc++";
				CLANG_ENABLE_MODULES = YES;
				CLANG_ENABLE_OBJC_ARC = YES;
				CLANG_ENABLE_OBJC_WEAK = YES;
				CLANG_WARN_BLOCK_CAPTURE_AUTORELEASING = YES;
				CLANG_WARN_BOOL_CONVERSION = YES;
				CLANG_WARN_COMMA = YES;
				CLANG_WARN_CONSTANT_CONVERSION = YES;
				CLANG_WARN_DEPRECATED_OBJC_IMPLEMENTATIONS = YES;
				CLANG_WARN_DIRECT_OBJC_ISA_USAGE = YES_ERROR;
				CLANG_WARN_DOCUMENTATION_COMMENTS = YES;
				CLANG_WARN_EMPTY_BODY = YES;
				CLANG_WARN_ENUM_CONVERSION = YES;
				CLANG_WARN_INFINITE_RECURSION = YES;
				CLANG_WARN_INT_CONVERSION = YES;
				CLANG_WARN_NON_LITERAL_NULL_CONVERSION = YES;
				CLANG_WARN_OBJC_IMPLICIT_RETAIN_SELF = YES;
				CLANG_WARN_OBJC_LITERAL_CONVERSION = YES;
				CLANG_WARN_OBJC_ROOT_CLASS = YES_ERROR;
				CLANG_WARN_QUOTED_INCLUDE_IN_FRAMEWORK_HEADER = YES;
				CLANG_WARN_RANGE_LOOP_ANALYSIS = YES;
				CLANG_WARN_STRICT_PROTOTYPES = YES;
				CLANG_WARN_SUSPICIOUS_MOVE = YES;
				CLANG_WARN_UNGUARDED_AVAILABILITY = YES_AGGRESSIVE;
				CLANG_WARN_UNREACHABLE_CODE = YES;
				CLANG_WARN__DUPLICATE_METHOD_MATCH = YES;
				COPY_PHASE_STRIP = NO;
				DEBUG_INFORMATION_FORMAT = dwarf;
				ENABLE_STRICT_OBJC_MSGSEND = YES;
				ENABLE_TESTABILITY = YES;
				GCC_C_LANGUAGE_STANDARD = gnu11;
				GCC_DYNAMIC_NO_PIC = NO;
				GCC_NO_COMMON_BLOCKS = YES;
				GCC_OPTIMIZATION_LEVEL = 0;
				GCC_PREPROCESSOR_DEFINITIONS = (
					"DEBUG=1",
					"$(inherited)",
				);
				GCC_WARN_64_TO_32_BIT_CONVERSION = YES;
				GCC_WARN_ABOUT_RETURN_TYPE = YES_ERROR;
				GCC_WARN_UNDECLARED_SELECTOR = YES;
				GCC_WARN_UNINITIALIZED_AUTOS = YES_AGGRESSIVE;
				GCC_WARN_UNUSED_FUNCTION = YES;
				GCC_WARN_UNUSED_VARIABLE = YES;
				MTL_ENABLE_DEBUG_INFO = INCLUDE_SOURCE;
				MTL_FAST_MATH = YES;
				ONLY_ACTIVE_ARCH = YES;
				SWIFT_ACTIVE_COMPILATION_CONDITIONS = DEBUG;
				SWIFT_OPTIMIZATION_LEVEL = "-Onone";
			};
			name = Debug;
		};
		FAFA79B0260F93300032F2D1 /* Release */ = {
			isa = XCBuildConfiguration;
			buildSettings = {
				ALWAYS_SEARCH_USER_PATHS = NO;
				CLANG_ANALYZER_NONNULL = YES;
				CLANG_ANALYZER_NUMBER_OBJECT_CONVERSION = YES_AGGRESSIVE;
				CLANG_CXX_LANGUAGE_STANDARD = "gnu++14";
				CLANG_CXX_LIBRARY = "libc++";
				CLANG_ENABLE_MODULES = YES;
				CLANG_ENABLE_OBJC_ARC = YES;
				CLANG_ENABLE_OBJC_WEAK = YES;
				CLANG_WARN_BLOCK_CAPTURE_AUTORELEASING = YES;
				CLANG_WARN_BOOL_CONVERSION = YES;
				CLANG_WARN_COMMA = YES;
				CLANG_WARN_CONSTANT_CONVERSION = YES;
				CLANG_WARN_DEPRECATED_OBJC_IMPLEMENTATIONS = YES;
				CLANG_WARN_DIRECT_OBJC_ISA_USAGE = YES_ERROR;
				CLANG_WARN_DOCUMENTATION_COMMENTS = YES;
				CLANG_WARN_EMPTY_BODY = YES;
				CLANG_WARN_ENUM_CONVERSION = YES;
				CLANG_WARN_INFINITE_RECURSION = YES;
				CLANG_WARN_INT_CONVERSION = YES;
				CLANG_WARN_NON_LITERAL_NULL_CONVERSION = YES;
				CLANG_WARN_OBJC_IMPLICIT_RETAIN_SELF = YES;
				CLANG_WARN_OBJC_LITERAL_CONVERSION = YES;
				CLANG_WARN_OBJC_ROOT_CLASS = YES_ERROR;
				CLANG_WARN_QUOTED_INCLUDE_IN_FRAMEWORK_HEADER = YES;
				CLANG_WARN_RANGE_LOOP_ANALYSIS = YES;
				CLANG_WARN_STRICT_PROTOTYPES = YES;
				CLANG_WARN_SUSPICIOUS_MOVE = YES;
				CLANG_WARN_UNGUARDED_AVAILABILITY = YES_AGGRESSIVE;
				CLANG_WARN_UNREACHABLE_CODE = YES;
				CLANG_WARN__DUPLICATE_METHOD_MATCH = YES;
				COPY_PHASE_STRIP = NO;
				DEBUG_INFORMATION_FORMAT = "dwarf-with-dsym";
				ENABLE_NS_ASSERTIONS = NO;
				ENABLE_STRICT_OBJC_MSGSEND = YES;
				GCC_C_LANGUAGE_STANDARD = gnu11;
				GCC_NO_COMMON_BLOCKS = YES;
				GCC_WARN_64_TO_32_BIT_CONVERSION = YES;
				GCC_WARN_ABOUT_RETURN_TYPE = YES_ERROR;
				GCC_WARN_UNDECLARED_SELECTOR = YES;
				GCC_WARN_UNINITIALIZED_AUTOS = YES_AGGRESSIVE;
				GCC_WARN_UNUSED_FUNCTION = YES;
				GCC_WARN_UNUSED_VARIABLE = YES;
				MTL_ENABLE_DEBUG_INFO = NO;
				MTL_FAST_MATH = YES;
				SWIFT_COMPILATION_MODE = wholemodule;
				SWIFT_OPTIMIZATION_LEVEL = "-O";
			};
			name = Release;
		};
		FAFA79B2260F93300032F2D1 /* Debug */ = {
			isa = XCBuildConfiguration;
			buildSettings = {
				ASSETCATALOG_COMPILER_APPICON_NAME = AppIcon;
				ASSETCATALOG_COMPILER_GLOBAL_ACCENT_COLOR_NAME = AccentColor;
				CODE_SIGN_ENTITLEMENTS = EMCD.io.entitlements;
				CODE_SIGN_STYLE = Automatic;
				DEVELOPMENT_TEAM = D74U932N2V;
				ENABLE_PREVIEWS = YES;
				INFOPLIST_FILE = iOS/Info.plist;
				IPHONEOS_DEPLOYMENT_TARGET = 14.0;
				LD_RUNPATH_SEARCH_PATHS = (
					"$(inherited)",
					"@executable_path/Frameworks",
				);
				PRODUCT_BUNDLE_IDENTIFIER = "xyz.gsmagx.EMCD-io";
				PRODUCT_NAME = EMCD.io;
				SDKROOT = iphoneos;
				SUPPORTS_MACCATALYST = YES;
				SWIFT_VERSION = 5.0;
				TARGETED_DEVICE_FAMILY = "1,2";
			};
			name = Debug;
		};
		FAFA79B3260F93300032F2D1 /* Release */ = {
			isa = XCBuildConfiguration;
			buildSettings = {
				ASSETCATALOG_COMPILER_APPICON_NAME = AppIcon;
				ASSETCATALOG_COMPILER_GLOBAL_ACCENT_COLOR_NAME = AccentColor;
				CODE_SIGN_ENTITLEMENTS = EMCD.io.entitlements;
				CODE_SIGN_STYLE = Automatic;
				DEVELOPMENT_TEAM = D74U932N2V;
				ENABLE_PREVIEWS = YES;
				INFOPLIST_FILE = iOS/Info.plist;
				IPHONEOS_DEPLOYMENT_TARGET = 14.0;
				LD_RUNPATH_SEARCH_PATHS = (
					"$(inherited)",
					"@executable_path/Frameworks",
				);
				PRODUCT_BUNDLE_IDENTIFIER = "xyz.gsmagx.EMCD-io";
				PRODUCT_NAME = EMCD.io;
				SDKROOT = iphoneos;
				SUPPORTS_MACCATALYST = YES;
				SWIFT_VERSION = 5.0;
				TARGETED_DEVICE_FAMILY = "1,2";
				VALIDATE_PRODUCT = YES;
			};
			name = Release;
		};
		FAFA79B5260F93300032F2D1 /* Debug */ = {
			isa = XCBuildConfiguration;
			buildSettings = {
				ASSETCATALOG_COMPILER_APPICON_NAME = AppIcon;
				ASSETCATALOG_COMPILER_GLOBAL_ACCENT_COLOR_NAME = AccentColor;
				CODE_SIGN_ENTITLEMENTS = macOS/macOS.entitlements;
				CODE_SIGN_STYLE = Automatic;
				COMBINE_HIDPI_IMAGES = YES;
				DEVELOPMENT_TEAM = D74U932N2V;
				ENABLE_HARDENED_RUNTIME = YES;
				ENABLE_PREVIEWS = YES;
				INFOPLIST_FILE = macOS/Info.plist;
				LD_RUNPATH_SEARCH_PATHS = (
					"$(inherited)",
					"@executable_path/../Frameworks",
				);
				MACOSX_DEPLOYMENT_TARGET = 11.0;
				PRODUCT_BUNDLE_IDENTIFIER = "xyz.gsmagx.EMCD-io";
				PRODUCT_NAME = EMCD.io;
				SDKROOT = macosx;
				SWIFT_VERSION = 5.0;
			};
			name = Debug;
		};
		FAFA79B6260F93300032F2D1 /* Release */ = {
			isa = XCBuildConfiguration;
			buildSettings = {
				ASSETCATALOG_COMPILER_APPICON_NAME = AppIcon;
				ASSETCATALOG_COMPILER_GLOBAL_ACCENT_COLOR_NAME = AccentColor;
				CODE_SIGN_ENTITLEMENTS = macOS/macOS.entitlements;
				CODE_SIGN_STYLE = Automatic;
				COMBINE_HIDPI_IMAGES = YES;
				DEVELOPMENT_TEAM = D74U932N2V;
				ENABLE_HARDENED_RUNTIME = YES;
				ENABLE_PREVIEWS = YES;
				INFOPLIST_FILE = macOS/Info.plist;
				LD_RUNPATH_SEARCH_PATHS = (
					"$(inherited)",
					"@executable_path/../Frameworks",
				);
				MACOSX_DEPLOYMENT_TARGET = 11.0;
				PRODUCT_BUNDLE_IDENTIFIER = "xyz.gsmagx.EMCD-io";
				PRODUCT_NAME = EMCD.io;
				SDKROOT = macosx;
				SWIFT_VERSION = 5.0;
			};
			name = Release;
		};
/* End XCBuildConfiguration section */

/* Begin XCConfigurationList section */
		FAFA7994260F932E0032F2D1 /* Build configuration list for PBXProject "EMCD.io" */ = {
			isa = XCConfigurationList;
			buildConfigurations = (
				FAFA79AF260F93300032F2D1 /* Debug */,
				FAFA79B0260F93300032F2D1 /* Release */,
			);
			defaultConfigurationIsVisible = 0;
			defaultConfigurationName = Release;
		};
		FAFA79B1260F93300032F2D1 /* Build configuration list for PBXNativeTarget "EMCD.io (iOS)" */ = {
			isa = XCConfigurationList;
			buildConfigurations = (
				FAFA79B2260F93300032F2D1 /* Debug */,
				FAFA79B3260F93300032F2D1 /* Release */,
			);
			defaultConfigurationIsVisible = 0;
			defaultConfigurationName = Release;
		};
		FAFA79B4260F93300032F2D1 /* Build configuration list for PBXNativeTarget "EMCD.io (macOS)" */ = {
			isa = XCConfigurationList;
			buildConfigurations = (
				FAFA79B5260F93300032F2D1 /* Debug */,
				FAFA79B6260F93300032F2D1 /* Release */,
			);
			defaultConfigurationIsVisible = 0;
			defaultConfigurationName = Release;
		};
/* End XCConfigurationList section */

/* Begin XCRemoteSwiftPackageReference section */
		FA09ACFA2612498F00939EC0 /* XCRemoteSwiftPackageReference "firebase-ios-sdk" */ = {
			isa = XCRemoteSwiftPackageReference;
			repositoryURL = "https://github.com/firebase/firebase-ios-sdk.git";
			requirement = {
				kind = upToNextMajorVersion;
				minimumVersion = 7.9.1;
			};
		};
/* End XCRemoteSwiftPackageReference section */

/* Begin XCSwiftPackageProductDependency section */
		FA09ACFB2612498F00939EC0 /* FirebaseFirestore */ = {
			isa = XCSwiftPackageProductDependency;
			package = FA09ACFA2612498F00939EC0 /* XCRemoteSwiftPackageReference "firebase-ios-sdk" */;
			productName = FirebaseFirestore;
		};
		FA09ACFD2612498F00939EC0 /* FirebaseDatabase */ = {
			isa = XCSwiftPackageProductDependency;
			package = FA09ACFA2612498F00939EC0 /* XCRemoteSwiftPackageReference "firebase-ios-sdk" */;
			productName = FirebaseDatabase;
		};
		FA09ACFF2612498F00939EC0 /* FirebaseFirestoreSwift-Beta */ = {
			isa = XCSwiftPackageProductDependency;
			package = FA09ACFA2612498F00939EC0 /* XCRemoteSwiftPackageReference "firebase-ios-sdk" */;
			productName = "FirebaseFirestoreSwift-Beta";
		};
		FA09AD012612498F00939EC0 /* FirebaseStorage */ = {
			isa = XCSwiftPackageProductDependency;
			package = FA09ACFA2612498F00939EC0 /* XCRemoteSwiftPackageReference "firebase-ios-sdk" */;
			productName = FirebaseStorage;
		};
		FA09AD032612498F00939EC0 /* FirebaseFunctions */ = {
			isa = XCSwiftPackageProductDependency;
			package = FA09ACFA2612498F00939EC0 /* XCRemoteSwiftPackageReference "firebase-ios-sdk" */;
			productName = FirebaseFunctions;
		};
		FA09AD052612498F00939EC0 /* FirebaseMessaging */ = {
			isa = XCSwiftPackageProductDependency;
			package = FA09ACFA2612498F00939EC0 /* XCRemoteSwiftPackageReference "firebase-ios-sdk" */;
			productName = FirebaseMessaging;
		};
		FA09AD072612498F00939EC0 /* FirebaseAuth */ = {
			isa = XCSwiftPackageProductDependency;
			package = FA09ACFA2612498F00939EC0 /* XCRemoteSwiftPackageReference "firebase-ios-sdk" */;
			productName = FirebaseAuth;
		};
/* End XCSwiftPackageProductDependency section */
	};
	rootObject = FAFA7991260F932E0032F2D1 /* Project object */;
}
